
Microsoft Visual Studio Solution File, Format Version 12.00
# Visual Studio Version 17
VisualStudioVersion = 17.10.35122.118
MinimumVisualStudioVersion = 10.0.40219.1
Project("{FAE04EC0-301F-11D3-BF4B-00C04F79EFBC}") = "EquationParser", "EquationParser\EquationParser.csproj", "{28CD8564-0685-4F84-84D7-5DEB383E6EEF}"
EndProject
Global
	GlobalSection(SolutionConfigurationPlatforms) = preSolution
		Debug|Any CPU = Debug|Any CPU
		Release|Any CPU = Release|Any CPU
	EndGlobalSection
	GlobalSection(ProjectConfigurationPlatforms) = postSolution
		{28CD8564-0685-4F84-84D7-5DEB383E6EEF}.Debug|Any CPU.ActiveCfg = Debug|Any CPU
		{28CD8564-0685-4F84-84D7-5DEB383E6EEF}.Debug|Any CPU.Build.0 = Debug|Any CPU
		{28CD8564-0685-4F84-84D7-5DEB383E6EEF}.Release|Any CPU.ActiveCfg = Release|Any CPU
		{28CD8564-0685-4F84-84D7-5DEB383E6EEF}.Release|Any CPU.Build.0 = Release|Any CPU
	EndGlobalSection
	GlobalSection(SolutionProperties) = preSolution
		HideSolutionNode = FALSE
	EndGlobalSection
	GlobalSection(ExtensibilityGlobals) = postSolution
		SolutionGuid = {C04598D1-6BC6-4249-9EE9-715B1C417FCD}
	EndGlobalSection
EndGlobal
